{
  "pins" : [
    {
      "identity" : "floatingpanel",
      "kind" : "remoteSourceControl",
      "location" : "https://github.com/scenee/FloatingPanel",
      "state" : {
        "branch" : "master",
        "revision" : "aef914e0fdf1c7473f9ba01c4e4b7c9288ddabc3"
      }
    },
    {
      "identity" : "youtube-ios-player-helper",
      "kind" : "remoteSourceControl",
      "location" : "https://github.com/youtube/youtube-ios-player-helper",
      "state" : {
        "branch" : "master",
        "revision" : "f57129cd4380ec0a74dd3a59da3270a1d653d59b"
      }
    }
  ],
  "version" : 2
}
